
Microsoft Visual Studio Solution File, Format Version 12.00
# Visual Studio Version 17
VisualStudioVersion = 17.3.32901.215
MinimumVisualStudioVersion = 10.0.40219.1
Project("{8BC9CEB8-8B4A-11D0-8D11-00A0C91BC942}") = "lab_12.05_AP_Tytysh", "lab_12.05_AP_Tytysh\lab_12.05_AP_Tytysh.vcxproj", "{B7D2E2B6-5EB1-465A-B8E8-DC469C5C741A}"
EndProject
Global
	GlobalSection(SolutionConfigurationPlatforms) = preSolution
		Debug|x64 = Debug|x64
		Debug|x86 = Debug|x86
		Release|x64 = Release|x64
		Release|x86 = Release|x86
	EndGlobalSection
	GlobalSection(ProjectConfigurationPlatforms) = postSolution
		{B7D2E2B6-5EB1-465A-B8E8-DC469C5C741A}.Debug|x64.ActiveCfg = Debug|x64
		{B7D2E2B6-5EB1-465A-B8E8-DC469C5C741A}.Debug|x64.Build.0 = Debug|x64
		{B7D2E2B6-5EB1-465A-B8E8-DC469C5C741A}.Debug|x86.ActiveCfg = Debug|Win32
		{B7D2E2B6-5EB1-465A-B8E8-DC469C5C741A}.Debug|x86.Build.0 = Debug|Win32
		{B7D2E2B6-5EB1-465A-B8E8-DC469C5C741A}.Release|x64.ActiveCfg = Release|x64
		{B7D2E2B6-5EB1-465A-B8E8-DC469C5C741A}.Release|x64.Build.0 = Release|x64
		{B7D2E2B6-5EB1-465A-B8E8-DC469C5C741A}.Release|x86.ActiveCfg = Release|Win32
		{B7D2E2B6-5EB1-465A-B8E8-DC469C5C741A}.Release|x86.Build.0 = Release|Win32
	EndGlobalSection
	GlobalSection(SolutionProperties) = preSolution
		HideSolutionNode = FALSE
	EndGlobalSection
	GlobalSection(ExtensibilityGlobals) = postSolution
		SolutionGuid = {F4B81093-06F5-4B24-9BFE-C1E32027DD13}
	EndGlobalSection
EndGlobal
